// !$*UTF8*$!
{
	archiveVersion = 1;
	classes = {
	};
	objectVersion = 46;
	objects = {

/* Begin PBXBuildFile section */
		BE02438A172F163F0045B7D2 /* main.cpp in Sources */ = {isa = PBXBuildFile; fileRef = BE024389172F163F0045B7D2 /* main.cpp */; };
		BE02438C172F163F0045B7D2 /* AVLTree.1 in CopyFiles */ = {isa = PBXBuildFile; fileRef = BE02438B172F163F0045B7D2 /* AVLTree.1 */; };
/* End PBXBuildFile section */

/* Begin PBXCopyFilesBuildPhase section */
		BE024384172F163F0045B7D2 /* CopyFiles */ = {
			isa = PBXCopyFilesBuildPhase;
			buildActionMask = 2147483647;
			dstPath = /usr/share/man/man1/;
			dstSubfolderSpec = 0;
			files = (
				BE02438C172F163F0045B7D2 /* AVLTree.1 in CopyFiles */,
			);
			runOnlyForDeploymentPostprocessing = 1;
		};
/* End PBXCopyFilesBuildPhase section */

/* Begin PBXFileReference section */
		BE024386172F163F0045B7D2 /* AVLTree */ = {isa = PBXFileReference; explicitFileType = "compiled.mach-o.executable"; includeInIndex = 0; path = AVLTree; sourceTree = BUILT_PRODUCTS_DIR; };
		BE024389172F163F0045B7D2 /* main.cpp */ = {isa = PBXFileReference; lastKnownFileType = sourcecode.cpp.cpp; path = main.cpp; sourceTree = "<group>"; };
		BE02438B172F163F0045B7D2 /* AVLTree.1 */ = {isa = PBXFileReference; lastKnownFileType = text.man; path = AVLTree.1; sourceTree = "<group>"; };
		BE024393172F165A0045B7D2 /* AVLTree.h */ = {isa = PBXFileReference; fileEncoding = 4; lastKnownFileType = sourcecode.c.h; path = AVLTree.h; sourceTree = "<group>"; };
		BE024396172F16660045B7D2 /* AVLTreeNode.h */ = {isa = PBXFileReference; fileEncoding = 4; lastKnownFileType = sourcecode.c.h; path = AVLTreeNode.h; sourceTree = "<group>"; };
/* End PBXFileReference section */

/* Begin PBXFrameworksBuildPhase section */
		BE024383172F163F0045B7D2 /* Frameworks */ = {
			isa = PBXFrameworksBuildPhase;
			buildActionMask = 2147483647;
			files = (
			);
			runOnlyForDeploymentPostprocessing = 0;
		};
/* End PBXFrameworksBuildPhase section */

/* Begin PBXGroup section */
		BE02437D172F163F0045B7D2 = {
			isa = PBXGroup;
			children = (
				BE024388172F163F0045B7D2 /* AVLTree */,
				BE024387172F163F0045B7D2 /* Products */,
			);
			sourceTree = "<group>";
		};
		BE024387172F163F0045B7D2 /* Products */ = {
			isa = PBXGroup;
			children = (
				BE024386172F163F0045B7D2 /* AVLTree */,
			);
			name = Products;
			sourceTree = "<group>";
		};
		BE024388172F163F0045B7D2 /* AVLTree */ = {
			isa = PBXGroup;
			children = (
				BE024389172F163F0045B7D2 /* main.cpp */,
				BE02438B172F163F0045B7D2 /* AVLTree.1 */,
				BE024393172F165A0045B7D2 /* AVLTree.h */,
				BE024396172F16660045B7D2 /* AVLTreeNode.h */,
			);
			path = AVLTree;
			sourceTree = "<group>";
		};
/* End PBXGroup section */

/* Begin PBXNativeTarget section */
		BE024385172F163F0045B7D2 /* AVLTree */ = {
			isa = PBXNativeTarget;
			buildConfigurationList = BE02438F172F163F0045B7D2 /* Build configuration list for PBXNativeTarget "AVLTree" */;
			buildPhases = (
				BE024382172F163F0045B7D2 /* Sources */,
				BE024383172F163F0045B7D2 /* Frameworks */,
				BE024384172F163F0045B7D2 /* CopyFiles */,
			);
			buildRules = (
			);
			dependencies = (
			);
			name = AVLTree;
			productName = AVLTree;
			productReference = BE024386172F163F0045B7D2 /* AVLTree */;
			productType = "com.apple.product-type.tool";
		};
/* End PBXNativeTarget section */

/* Begin PBXProject section */
		BE02437E172F163F0045B7D2 /* Project object */ = {
			isa = PBXProject;
			attributes = {
				LastUpgradeCheck = 0460;
				ORGANIZATIONNAME = "Samuel von Bausznern";
			};
			buildConfigurationList = BE024381172F163F0045B7D2 /* Build configuration list for PBXProject "AVLTree" */;
			compatibilityVersion = "Xcode 3.2";
			developmentRegion = English;
			hasScannedForEncodings = 0;
			knownRegions = (
				en,
			);
			mainGroup = BE02437D172F163F0045B7D2;
			productRefGroup = BE024387172F163F0045B7D2 /* Products */;
			projectDirPath = "";
			projectRoot = "";
			targets = (
				BE024385172F163F0045B7D2 /* AVLTree */,
			);
		};
/* End PBXProject section */

/* Begin PBXSourcesBuildPhase section */
		BE024382172F163F0045B7D2 /* Sources */ = {
			isa = PBXSourcesBuildPhase;
			buildActionMask = 2147483647;
			files = (
				BE02438A172F163F0045B7D2 /* main.cpp in Sources */,
			);
			runOnlyForDeploymentPostprocessing = 0;
		};
/* End PBXSourcesBuildPhase section */

/* Begin XCBuildConfiguration section */
		BE02438D172F163F0045B7D2 /* Debug */ = {
			isa = XCBuildConfiguration;
			buildSettings = {
				ALWAYS_SEARCH_USER_PATHS = NO;
				ARCHS = "$(ARCHS_STANDARD_64_BIT)";
				CLANG_CXX_LANGUAGE_STANDARD = "gnu++0x";
				CLANG_CXX_LIBRARY = "libc++";
				CLANG_WARN_CONSTANT_CONVERSION = YES;
				CLANG_WARN_EMPTY_BODY = YES;
				CLANG_WARN_ENUM_CONVERSION = YES;
				CLANG_WARN_INT_CONVERSION = YES;
				CLANG_WARN__DUPLICATE_METHOD_MATCH = YES;
				COPY_PHASE_STRIP = NO;
				GCC_C_LANGUAGE_STANDARD = gnu99;
				GCC_DYNAMIC_NO_PIC = NO;
				GCC_ENABLE_OBJC_EXCEPTIONS = YES;
				GCC_OPTIMIZATION_LEVEL = 0;
				GCC_PREPROCESSOR_DEFINITIONS = (
					"DEBUG=1",
					"$(inherited)",
				);
				GCC_SYMBOLS_PRIVATE_EXTERN = NO;
				GCC_WARN_64_TO_32_BIT_CONVERSION = YES;
				GCC_WARN_ABOUT_RETURN_TYPE = YES;
				GCC_WARN_UNINITIALIZED_AUTOS = YES;
				GCC_WARN_UNUSED_VARIABLE = YES;
				MACOSX_DEPLOYMENT_TARGET = 10.8;
				ONLY_ACTIVE_ARCH = YES;
				SDKROOT = macosx;
			};
			name = Debug;
		};
		BE02438E172F163F0045B7D2 /* Release */ = {
			isa = XCBuildConfiguration;
			buildSettings = {
				ALWAYS_SEARCH_USER_PATHS = NO;
				ARCHS = "$(ARCHS_STANDARD_64_BIT)";
				CLANG_CXX_LANGUAGE_STANDARD = "gnu++0x";
				CLANG_CXX_LIBRARY = "libc++";
				CLANG_WARN_CONSTANT_CONVERSION = YES;
				CLANG_WARN_EMPTY_BODY = YES;
				CLANG_WARN_ENUM_CONVERSION = YES;
				CLANG_WARN_INT_CONVERSION = YES;
				CLANG_WARN__DUPLICATE_METHOD_MATCH = YES;
				COPY_PHASE_STRIP = YES;
				DEBUG_INFORMATION_FORMAT = "dwarf-with-dsym";
				GCC_C_LANGUAGE_STANDARD = gnu99;
				GCC_ENABLE_OBJC_EXCEPTIONS = YES;
				GCC_WARN_64_TO_32_BIT_CONVERSION = YES;
				GCC_WARN_ABOUT_RETURN_TYPE = YES;
				GCC_WARN_UNINITIALIZED_AUTOS = YES;
				GCC_WARN_UNUSED_VARIABLE = YES;
				MACOSX_DEPLOYMENT_TARGET = 10.8;
				SDKROOT = macosx;
			};
			name = Release;
		};
		BE024390172F163F0045B7D2 /* Debug */ = {
			isa = XCBuildConfiguration;
			buildSettings = {
				PRODUCT_NAME = "$(TARGET_NAME)";
			};
			name = Debug;
		};
		BE024391172F163F0045B7D2 /* Release */ = {
			isa = XCBuildConfiguration;
			buildSettings = {
				PRODUCT_NAME = "$(TARGET_NAME)";
			};
			name = Release;
		};
/* End XCBuildConfiguration section */

/* Begin XCConfigurationList section */
		BE024381172F163F0045B7D2 /* Build configuration list for PBXProject "AVLTree" */ = {
			isa = XCConfigurationList;
			buildConfigurations = (
				BE02438D172F163F0045B7D2 /* Debug */,
				BE02438E172F163F0045B7D2 /* Release */,
			);
			defaultConfigurationIsVisible = 0;
			defaultConfigurationName = Release;
		};
		BE02438F172F163F0045B7D2 /* Build configuration list for PBXNativeTarget "AVLTree" */ = {
			isa = XCConfigurationList;
			buildConfigurations = (
				BE024390172F163F0045B7D2 /* Debug */,
				BE024391172F163F0045B7D2 /* Release */,
			);
			defaultConfigurationIsVisible = 0;
		};
/* End XCConfigurationList section */
	};
	rootObject = BE02437E172F163F0045B7D2 /* Project object */;
}
